
Microsoft Visual Studio Solution File, Format Version 12.00
# Visual Studio Version 17
VisualStudioVersion = 17.0.31919.166
MinimumVisualStudioVersion = 10.0.40219.1
Project("{FAE04EC0-301F-11D3-BF4B-00C04F79EFBC}") = "Collage_Redactor", "Collage_Redactor.csproj", "{47A17E42-C3E5-47FA-B53D-6CBF67974DB2}"
EndProject
Global
	GlobalSection(SolutionConfigurationPlatforms) = preSolution
		Debug|Any CPU = Debug|Any CPU
		Release|Any CPU = Release|Any CPU
	EndGlobalSection
	GlobalSection(ProjectConfigurationPlatforms) = postSolution
		{47A17E42-C3E5-47FA-B53D-6CBF67974DB2}.Debug|Any CPU.ActiveCfg = Debug|Any CPU
		{47A17E42-C3E5-47FA-B53D-6CBF67974DB2}.Debug|Any CPU.Build.0 = Debug|Any CPU
		{47A17E42-C3E5-47FA-B53D-6CBF67974DB2}.Release|Any CPU.ActiveCfg = Release|Any CPU
		{47A17E42-C3E5-47FA-B53D-6CBF67974DB2}.Release|Any CPU.Build.0 = Release|Any CPU
	EndGlobalSection
	GlobalSection(SolutionProperties) = preSolution
		HideSolutionNode = FALSE
	EndGlobalSection
	GlobalSection(ExtensibilityGlobals) = postSolution
		SolutionGuid = {1457A0B9-7551-4A7F-966A-4CF6FFA7FB5F}
	EndGlobalSection
EndGlobal
